
Microsoft Visual Studio Solution File, Format Version 12.00
# Visual Studio Version 17
VisualStudioVersion = 17.0.31903.59
MinimumVisualStudioVersion = 10.0.40219.1
Project("{2150E333-8FDC-42A3-9474-1A3956D46DE8}") = "Design Patterns", "Design Patterns", "{E855B258-B3BA-4CA4-877A-8DF1CD6F19F6}"
EndProject
Project("{2150E333-8FDC-42A3-9474-1A3956D46DE8}") = "SOLID", "SOLID", "{C9CE344A-065A-462C-B54D-98D6672891D2}"
EndProject
Project("{9A19103F-16F7-4668-BE54-9A1E7A4F7556}") = "SOLID.Principles", "SOLID.Principles\SOLID.Principles.csproj", "{972B9A6F-0607-4490-88B4-CBD0FCE2AE6E}"
EndProject
Project("{2150E333-8FDC-42A3-9474-1A3956D46DE8}") = "DI", "DI", "{45F6787E-5955-4FF5-BB59-8350ECFD5AEE}"
EndProject
Project("{9A19103F-16F7-4668-BE54-9A1E7A4F7556}") = "DependencyInjection", "DependencyInjection\DependencyInjection.csproj", "{67B9952A-FE37-4CAE-B44A-168AD3E63F95}"
EndProject
Project("{2150E333-8FDC-42A3-9474-1A3956D46DE8}") = "Delegates", "Delegates", "{8F3F424D-685A-4203-BA89-5A1A9DD0FC18}"
EndProject
Project("{9A19103F-16F7-4668-BE54-9A1E7A4F7556}") = "Delegate.Console", "Delegate.Console\Delegate.Console.csproj", "{CDE4AD18-2CF3-44E4-BB90-7DBF914DEB91}"
EndProject
Project("{2150E333-8FDC-42A3-9474-1A3956D46DE8}") = "ValueAndReferenceTypes", "ValueAndReferenceTypes", "{C70F733A-2E2A-41DE-891F-2DED14CBC17E}"
EndProject
Project("{9A19103F-16F7-4668-BE54-9A1E7A4F7556}") = "ValueAndReferenceTypes.Console", "ValueAndReferenceTypes.Console\ValueAndReferenceTypes.Console.csproj", "{73B855BC-8637-44BB-8B9A-7C777F99D3BD}"
EndProject
Project("{2150E333-8FDC-42A3-9474-1A3956D46DE8}") = "BoxingUnboxing", "BoxingUnboxing", "{4831217F-E754-4626-B5F2-18FDA4BC40B5}"
EndProject
Project("{9A19103F-16F7-4668-BE54-9A1E7A4F7556}") = "BoxingUnboxing.Console", "BoxingUnboxing.Console\BoxingUnboxing.Console.csproj", "{73EE6AB7-B01D-4407-8046-073CDCC65C10}"
EndProject
Project("{2150E333-8FDC-42A3-9474-1A3956D46DE8}") = "Constructors", "Constructors", "{1E7CEDB1-F38E-4D99-973B-6B746B77669F}"
EndProject
Project("{9A19103F-16F7-4668-BE54-9A1E7A4F7556}") = "Constructors", "Constructors\Constructors.csproj", "{51644BB5-EFF7-4A7B-A519-4B819F0FBA94}"
EndProject
Project("{9A19103F-16F7-4668-BE54-9A1E7A4F7556}") = "DesignPatterns", "DesignPatterns\DesignPatterns.csproj", "{32A904E4-1D10-4BE0-957D-D8F3CD3719B8}"
EndProject
Project("{9A19103F-16F7-4668-BE54-9A1E7A4F7556}") = "Delegates", "Delegates\Delegates.csproj", "{4C0D080A-D090-4782-A5A1-8C52848CF2D4}"
EndProject
Project("{2150E333-8FDC-42A3-9474-1A3956D46DE8}") = "RefAndOutKeywords", "RefAndOutKeywords", "{F8E89830-BADD-429F-A353-4DBBF9374A00}"
EndProject
Project("{9A19103F-16F7-4668-BE54-9A1E7A4F7556}") = "RefAndOutKeywords.Console", "RefAndOutKeywords.Console\RefAndOutKeywords.Console.csproj", "{51E44BF4-6B16-44DE-9CF8-8737128BA0A7}"
EndProject
Project("{2150E333-8FDC-42A3-9474-1A3956D46DE8}") = "Threads", "Threads", "{3D563234-DD72-4758-81D3-81BC084CAF74}"
EndProject
Project("{9A19103F-16F7-4668-BE54-9A1E7A4F7556}") = "Threads.Console", "Threads.Console\Threads.Console.csproj", "{ED6E7711-1669-4BBC-808A-6DA196AFC2E2}"
EndProject
Project("{2150E333-8FDC-42A3-9474-1A3956D46DE8}") = "Middlewares", "Middlewares", "{2880821A-B5E1-45B2-B6B8-1CF8ABB8EFE8}"
EndProject
Project("{9A19103F-16F7-4668-BE54-9A1E7A4F7556}") = "Middlewares.API", "Middlewares.API\Middlewares.API.csproj", "{10DEE593-B0BB-4DFD-896A-EED3274D0D7C}"
EndProject
Project("{2150E333-8FDC-42A3-9474-1A3956D46DE8}") = "FiltersAndAttributes", "FiltersAndAttributes", "{F894D79F-4ABA-446F-9AD1-BB5C87F91DD2}"
EndProject
Project("{9A19103F-16F7-4668-BE54-9A1E7A4F7556}") = "FiltersAndAttributes.WebApi", "FiltersAndAttributes.WebApi\FiltersAndAttributes.WebApi.csproj", "{1F20B74D-C8F4-4EE6-9B8E-4DA19F672424}"
EndProject
Project("{2150E333-8FDC-42A3-9474-1A3956D46DE8}") = "Flags", "Flags", "{8B13ECA1-FE0D-4F54-ABFE-8EE0DE6C7E34}"
EndProject
Project("{9A19103F-16F7-4668-BE54-9A1E7A4F7556}") = "Flags.Console", "Flags.Console\Flags.Console.csproj", "{C42FE1CF-B456-44DE-A096-8FEDA2E3A481}"
EndProject
Project("{2150E333-8FDC-42A3-9474-1A3956D46DE8}") = "ThreadsAndTasks", "ThreadsAndTasks", "{2C88E036-253C-4AC9-B868-BDD5766904A4}"
EndProject
Project("{9A19103F-16F7-4668-BE54-9A1E7A4F7556}") = "ThreadsAndTasks.Console", "ThreadsAndTasks.Console\ThreadsAndTasks.Console.csproj", "{535BF078-739E-4362-86FD-A1E8ABCEBEDE}"
EndProject
Project("{9A19103F-16F7-4668-BE54-9A1E7A4F7556}") = "DesignPatterns.Console", "DesignPatterns.Console\DesignPatterns.Console.csproj", "{FACECEF1-9FE4-4A3B-A1D1-3286833381A3}"
EndProject
Project("{2150E333-8FDC-42A3-9474-1A3956D46DE8}") = "MultiThread", "MultiThread", "{FCF57B82-07C2-4132-A1A8-FA43C7EB2468}"
EndProject
Project("{FAE04EC0-301F-11D3-BF4B-00C04F79EFBC}") = "Multithread.Console", "Multithread.Console\Multithread.Console.csproj", "{DFCCB163-C092-49F5-BD07-D82FB6BDBC53}"
EndProject
Global
	GlobalSection(SolutionConfigurationPlatforms) = preSolution
		Debug|Any CPU = Debug|Any CPU
		Release|Any CPU = Release|Any CPU
	EndGlobalSection
	GlobalSection(ProjectConfigurationPlatforms) = postSolution
		{972B9A6F-0607-4490-88B4-CBD0FCE2AE6E}.Debug|Any CPU.ActiveCfg = Debug|Any CPU
		{972B9A6F-0607-4490-88B4-CBD0FCE2AE6E}.Debug|Any CPU.Build.0 = Debug|Any CPU
		{972B9A6F-0607-4490-88B4-CBD0FCE2AE6E}.Release|Any CPU.ActiveCfg = Release|Any CPU
		{972B9A6F-0607-4490-88B4-CBD0FCE2AE6E}.Release|Any CPU.Build.0 = Release|Any CPU
		{67B9952A-FE37-4CAE-B44A-168AD3E63F95}.Debug|Any CPU.ActiveCfg = Debug|Any CPU
		{67B9952A-FE37-4CAE-B44A-168AD3E63F95}.Debug|Any CPU.Build.0 = Debug|Any CPU
		{67B9952A-FE37-4CAE-B44A-168AD3E63F95}.Release|Any CPU.ActiveCfg = Release|Any CPU
		{67B9952A-FE37-4CAE-B44A-168AD3E63F95}.Release|Any CPU.Build.0 = Release|Any CPU
		{CDE4AD18-2CF3-44E4-BB90-7DBF914DEB91}.Debug|Any CPU.ActiveCfg = Debug|Any CPU
		{CDE4AD18-2CF3-44E4-BB90-7DBF914DEB91}.Debug|Any CPU.Build.0 = Debug|Any CPU
		{CDE4AD18-2CF3-44E4-BB90-7DBF914DEB91}.Release|Any CPU.ActiveCfg = Release|Any CPU
		{CDE4AD18-2CF3-44E4-BB90-7DBF914DEB91}.Release|Any CPU.Build.0 = Release|Any CPU
		{73B855BC-8637-44BB-8B9A-7C777F99D3BD}.Debug|Any CPU.ActiveCfg = Debug|Any CPU
		{73B855BC-8637-44BB-8B9A-7C777F99D3BD}.Debug|Any CPU.Build.0 = Debug|Any CPU
		{73B855BC-8637-44BB-8B9A-7C777F99D3BD}.Release|Any CPU.ActiveCfg = Release|Any CPU
		{73B855BC-8637-44BB-8B9A-7C777F99D3BD}.Release|Any CPU.Build.0 = Release|Any CPU
		{73EE6AB7-B01D-4407-8046-073CDCC65C10}.Debug|Any CPU.ActiveCfg = Debug|Any CPU
		{73EE6AB7-B01D-4407-8046-073CDCC65C10}.Debug|Any CPU.Build.0 = Debug|Any CPU
		{73EE6AB7-B01D-4407-8046-073CDCC65C10}.Release|Any CPU.ActiveCfg = Release|Any CPU
		{73EE6AB7-B01D-4407-8046-073CDCC65C10}.Release|Any CPU.Build.0 = Release|Any CPU
		{51644BB5-EFF7-4A7B-A519-4B819F0FBA94}.Debug|Any CPU.ActiveCfg = Debug|Any CPU
		{51644BB5-EFF7-4A7B-A519-4B819F0FBA94}.Debug|Any CPU.Build.0 = Debug|Any CPU
		{51644BB5-EFF7-4A7B-A519-4B819F0FBA94}.Release|Any CPU.ActiveCfg = Release|Any CPU
		{51644BB5-EFF7-4A7B-A519-4B819F0FBA94}.Release|Any CPU.Build.0 = Release|Any CPU
		{32A904E4-1D10-4BE0-957D-D8F3CD3719B8}.Debug|Any CPU.ActiveCfg = Debug|Any CPU
		{32A904E4-1D10-4BE0-957D-D8F3CD3719B8}.Debug|Any CPU.Build.0 = Debug|Any CPU
		{32A904E4-1D10-4BE0-957D-D8F3CD3719B8}.Release|Any CPU.ActiveCfg = Release|Any CPU
		{32A904E4-1D10-4BE0-957D-D8F3CD3719B8}.Release|Any CPU.Build.0 = Release|Any CPU
		{4C0D080A-D090-4782-A5A1-8C52848CF2D4}.Debug|Any CPU.ActiveCfg = Debug|Any CPU
		{4C0D080A-D090-4782-A5A1-8C52848CF2D4}.Debug|Any CPU.Build.0 = Debug|Any CPU
		{4C0D080A-D090-4782-A5A1-8C52848CF2D4}.Release|Any CPU.ActiveCfg = Release|Any CPU
		{4C0D080A-D090-4782-A5A1-8C52848CF2D4}.Release|Any CPU.Build.0 = Release|Any CPU
		{51E44BF4-6B16-44DE-9CF8-8737128BA0A7}.Debug|Any CPU.ActiveCfg = Debug|Any CPU
		{51E44BF4-6B16-44DE-9CF8-8737128BA0A7}.Debug|Any CPU.Build.0 = Debug|Any CPU
		{51E44BF4-6B16-44DE-9CF8-8737128BA0A7}.Release|Any CPU.ActiveCfg = Release|Any CPU
		{51E44BF4-6B16-44DE-9CF8-8737128BA0A7}.Release|Any CPU.Build.0 = Release|Any CPU
		{ED6E7711-1669-4BBC-808A-6DA196AFC2E2}.Debug|Any CPU.ActiveCfg = Debug|Any CPU
		{ED6E7711-1669-4BBC-808A-6DA196AFC2E2}.Debug|Any CPU.Build.0 = Debug|Any CPU
		{ED6E7711-1669-4BBC-808A-6DA196AFC2E2}.Release|Any CPU.ActiveCfg = Release|Any CPU
		{ED6E7711-1669-4BBC-808A-6DA196AFC2E2}.Release|Any CPU.Build.0 = Release|Any CPU
		{10DEE593-B0BB-4DFD-896A-EED3274D0D7C}.Debug|Any CPU.ActiveCfg = Debug|Any CPU
		{10DEE593-B0BB-4DFD-896A-EED3274D0D7C}.Debug|Any CPU.Build.0 = Debug|Any CPU
		{10DEE593-B0BB-4DFD-896A-EED3274D0D7C}.Release|Any CPU.ActiveCfg = Release|Any CPU
		{10DEE593-B0BB-4DFD-896A-EED3274D0D7C}.Release|Any CPU.Build.0 = Release|Any CPU
		{1F20B74D-C8F4-4EE6-9B8E-4DA19F672424}.Debug|Any CPU.ActiveCfg = Debug|Any CPU
		{1F20B74D-C8F4-4EE6-9B8E-4DA19F672424}.Debug|Any CPU.Build.0 = Debug|Any CPU
		{1F20B74D-C8F4-4EE6-9B8E-4DA19F672424}.Release|Any CPU.ActiveCfg = Release|Any CPU
		{1F20B74D-C8F4-4EE6-9B8E-4DA19F672424}.Release|Any CPU.Build.0 = Release|Any CPU
		{C42FE1CF-B456-44DE-A096-8FEDA2E3A481}.Debug|Any CPU.ActiveCfg = Debug|Any CPU
		{C42FE1CF-B456-44DE-A096-8FEDA2E3A481}.Debug|Any CPU.Build.0 = Debug|Any CPU
		{C42FE1CF-B456-44DE-A096-8FEDA2E3A481}.Release|Any CPU.ActiveCfg = Release|Any CPU
		{C42FE1CF-B456-44DE-A096-8FEDA2E3A481}.Release|Any CPU.Build.0 = Release|Any CPU
		{535BF078-739E-4362-86FD-A1E8ABCEBEDE}.Debug|Any CPU.ActiveCfg = Debug|Any CPU
		{535BF078-739E-4362-86FD-A1E8ABCEBEDE}.Debug|Any CPU.Build.0 = Debug|Any CPU
		{535BF078-739E-4362-86FD-A1E8ABCEBEDE}.Release|Any CPU.ActiveCfg = Release|Any CPU
		{535BF078-739E-4362-86FD-A1E8ABCEBEDE}.Release|Any CPU.Build.0 = Release|Any CPU
		{FACECEF1-9FE4-4A3B-A1D1-3286833381A3}.Debug|Any CPU.ActiveCfg = Debug|Any CPU
		{FACECEF1-9FE4-4A3B-A1D1-3286833381A3}.Debug|Any CPU.Build.0 = Debug|Any CPU
		{FACECEF1-9FE4-4A3B-A1D1-3286833381A3}.Release|Any CPU.ActiveCfg = Release|Any CPU
		{FACECEF1-9FE4-4A3B-A1D1-3286833381A3}.Release|Any CPU.Build.0 = Release|Any CPU
		{DFCCB163-C092-49F5-BD07-D82FB6BDBC53}.Debug|Any CPU.ActiveCfg = Debug|Any CPU
		{DFCCB163-C092-49F5-BD07-D82FB6BDBC53}.Debug|Any CPU.Build.0 = Debug|Any CPU
		{DFCCB163-C092-49F5-BD07-D82FB6BDBC53}.Release|Any CPU.ActiveCfg = Release|Any CPU
		{DFCCB163-C092-49F5-BD07-D82FB6BDBC53}.Release|Any CPU.Build.0 = Release|Any CPU
	EndGlobalSection
	GlobalSection(SolutionProperties) = preSolution
		HideSolutionNode = FALSE
	EndGlobalSection
	GlobalSection(NestedProjects) = preSolution
		{972B9A6F-0607-4490-88B4-CBD0FCE2AE6E} = {C9CE344A-065A-462C-B54D-98D6672891D2}
		{67B9952A-FE37-4CAE-B44A-168AD3E63F95} = {45F6787E-5955-4FF5-BB59-8350ECFD5AEE}
		{CDE4AD18-2CF3-44E4-BB90-7DBF914DEB91} = {8F3F424D-685A-4203-BA89-5A1A9DD0FC18}
		{73B855BC-8637-44BB-8B9A-7C777F99D3BD} = {C70F733A-2E2A-41DE-891F-2DED14CBC17E}
		{73EE6AB7-B01D-4407-8046-073CDCC65C10} = {4831217F-E754-4626-B5F2-18FDA4BC40B5}
		{51644BB5-EFF7-4A7B-A519-4B819F0FBA94} = {1E7CEDB1-F38E-4D99-973B-6B746B77669F}
		{32A904E4-1D10-4BE0-957D-D8F3CD3719B8} = {E855B258-B3BA-4CA4-877A-8DF1CD6F19F6}
		{4C0D080A-D090-4782-A5A1-8C52848CF2D4} = {8F3F424D-685A-4203-BA89-5A1A9DD0FC18}
		{51E44BF4-6B16-44DE-9CF8-8737128BA0A7} = {F8E89830-BADD-429F-A353-4DBBF9374A00}
		{ED6E7711-1669-4BBC-808A-6DA196AFC2E2} = {3D563234-DD72-4758-81D3-81BC084CAF74}
		{10DEE593-B0BB-4DFD-896A-EED3274D0D7C} = {2880821A-B5E1-45B2-B6B8-1CF8ABB8EFE8}
		{1F20B74D-C8F4-4EE6-9B8E-4DA19F672424} = {F894D79F-4ABA-446F-9AD1-BB5C87F91DD2}
		{C42FE1CF-B456-44DE-A096-8FEDA2E3A481} = {8B13ECA1-FE0D-4F54-ABFE-8EE0DE6C7E34}
		{535BF078-739E-4362-86FD-A1E8ABCEBEDE} = {2C88E036-253C-4AC9-B868-BDD5766904A4}
		{FACECEF1-9FE4-4A3B-A1D1-3286833381A3} = {E855B258-B3BA-4CA4-877A-8DF1CD6F19F6}
		{DFCCB163-C092-49F5-BD07-D82FB6BDBC53} = {FCF57B82-07C2-4132-A1A8-FA43C7EB2468}
	EndGlobalSection
	GlobalSection(ExtensibilityGlobals) = postSolution
		SolutionGuid = {4E674AA5-AAE6-43C5-95A5-09AC9ACAC73A}
	EndGlobalSection
EndGlobal
