
Microsoft Visual Studio Solution File, Format Version 12.00
# Visual Studio Version 17
VisualStudioVersion = 17.0.31903.59
MinimumVisualStudioVersion = 10.0.40219.1
Project("{2150E333-8FDC-42A3-9474-1A3956D46DE8}") = "Design Patterns", "Design Patterns", "{E855B258-B3BA-4CA4-877A-8DF1CD6F19F6}"
EndProject
Project("{2150E333-8FDC-42A3-9474-1A3956D46DE8}") = "SOLID", "SOLID", "{C9CE344A-065A-462C-B54D-98D6672891D2}"
EndProject
Project("{FAE04EC0-301F-11D3-BF4B-00C04F79EFBC}") = "SOLID.Principles", "SOLID.Principles\SOLID.Principles.csproj", "{972B9A6F-0607-4490-88B4-CBD0FCE2AE6E}"
EndProject
Global
	GlobalSection(SolutionConfigurationPlatforms) = preSolution
		Debug|Any CPU = Debug|Any CPU
		Release|Any CPU = Release|Any CPU
	EndGlobalSection
	GlobalSection(ProjectConfigurationPlatforms) = postSolution
		{972B9A6F-0607-4490-88B4-CBD0FCE2AE6E}.Debug|Any CPU.ActiveCfg = Debug|Any CPU
		{972B9A6F-0607-4490-88B4-CBD0FCE2AE6E}.Debug|Any CPU.Build.0 = Debug|Any CPU
		{972B9A6F-0607-4490-88B4-CBD0FCE2AE6E}.Release|Any CPU.ActiveCfg = Release|Any CPU
		{972B9A6F-0607-4490-88B4-CBD0FCE2AE6E}.Release|Any CPU.Build.0 = Release|Any CPU
	EndGlobalSection
	GlobalSection(SolutionProperties) = preSolution
		HideSolutionNode = FALSE
	EndGlobalSection
	GlobalSection(NestedProjects) = preSolution
		{972B9A6F-0607-4490-88B4-CBD0FCE2AE6E} = {C9CE344A-065A-462C-B54D-98D6672891D2}
	EndGlobalSection
EndGlobal
